
Microsoft Visual Studio Solution File, Format Version 12.00
# Visual Studio Version 17
VisualStudioVersion = 17.14.36203.30
MinimumVisualStudioVersion = 10.0.40219.1
Project("{FAE04EC0-301F-11D3-BF4B-00C04F79EFBC}") = "API.ATM", "API.ATM\API.ATM.csproj", "{72A2C197-8140-4F28-8F98-7D5374626774}"
EndProject
Project("{FAE04EC0-301F-11D3-BF4B-00C04F79EFBC}") = "API.ATM.Infrastructure", "API.ATM.Infraestructure\API.ATM.Infrastructure.csproj", "{4C718112-96A4-48AE-8382-D968B414D6FC}"
EndProject
Project("{FAE04EC0-301F-11D3-BF4B-00C04F79EFBC}") = "API.ATM.Application", "API.ATM.Application\API.ATM.Application.csproj", "{50B9A88B-40D4-451D-A48B-5179BF4E056F}"
EndProject
Project("{FAE04EC0-301F-11D3-BF4B-00C04F79EFBC}") = "API.ATM.Domain", "API.ATM.Domain\API.ATM.Domain.csproj", "{FE5E053F-9DA7-7562-54E4-318686E82C8A}"
EndProject
Global
	GlobalSection(SolutionConfigurationPlatforms) = preSolution
		Debug|Any CPU = Debug|Any CPU
		Release|Any CPU = Release|Any CPU
	EndGlobalSection
	GlobalSection(ProjectConfigurationPlatforms) = postSolution
		{72A2C197-8140-4F28-8F98-7D5374626774}.Debug|Any CPU.ActiveCfg = Debug|Any CPU
		{72A2C197-8140-4F28-8F98-7D5374626774}.Debug|Any CPU.Build.0 = Debug|Any CPU
		{72A2C197-8140-4F28-8F98-7D5374626774}.Release|Any CPU.ActiveCfg = Release|Any CPU
		{72A2C197-8140-4F28-8F98-7D5374626774}.Release|Any CPU.Build.0 = Release|Any CPU
		{4C718112-96A4-48AE-8382-D968B414D6FC}.Debug|Any CPU.ActiveCfg = Debug|Any CPU
		{4C718112-96A4-48AE-8382-D968B414D6FC}.Debug|Any CPU.Build.0 = Debug|Any CPU
		{4C718112-96A4-48AE-8382-D968B414D6FC}.Release|Any CPU.ActiveCfg = Release|Any CPU
		{4C718112-96A4-48AE-8382-D968B414D6FC}.Release|Any CPU.Build.0 = Release|Any CPU
		{50B9A88B-40D4-451D-A48B-5179BF4E056F}.Debug|Any CPU.ActiveCfg = Debug|Any CPU
		{50B9A88B-40D4-451D-A48B-5179BF4E056F}.Debug|Any CPU.Build.0 = Debug|Any CPU
		{50B9A88B-40D4-451D-A48B-5179BF4E056F}.Release|Any CPU.ActiveCfg = Release|Any CPU
		{50B9A88B-40D4-451D-A48B-5179BF4E056F}.Release|Any CPU.Build.0 = Release|Any CPU
		{FE5E053F-9DA7-7562-54E4-318686E82C8A}.Debug|Any CPU.ActiveCfg = Debug|Any CPU
		{FE5E053F-9DA7-7562-54E4-318686E82C8A}.Debug|Any CPU.Build.0 = Debug|Any CPU
		{FE5E053F-9DA7-7562-54E4-318686E82C8A}.Release|Any CPU.ActiveCfg = Release|Any CPU
		{FE5E053F-9DA7-7562-54E4-318686E82C8A}.Release|Any CPU.Build.0 = Release|Any CPU
	EndGlobalSection
	GlobalSection(SolutionProperties) = preSolution
		HideSolutionNode = FALSE
	EndGlobalSection
	GlobalSection(ExtensibilityGlobals) = postSolution
		SolutionGuid = {A68A0A3D-75EB-4C69-9CE6-0BD0B7A38A3A}
	EndGlobalSection
EndGlobal
